
Microsoft Visual Studio Solution File, Format Version 12.00
# Visual Studio 15
VisualStudioVersion = 15.0.28307.1022
MinimumVisualStudioVersion = 10.0.40219.1
Project("{9A19103F-16F7-4668-BE54-9A1E7A4F7556}") = "UglyToad.Examples", "UglyToad.Examples.csproj", "{F72DA3EE-FBED-4271-88CC-05D883FD4DAD}"
EndProject
Project("{9A19103F-16F7-4668-BE54-9A1E7A4F7556}") = "UglyToad.PdfPig.Core", "..\src\UglyToad.PdfPig.Core\UglyToad.PdfPig.Core.csproj", "{B12C9CFF-879B-4C70-8C7B-7DBF953608C5}"
EndProject
Project("{9A19103F-16F7-4668-BE54-9A1E7A4F7556}") = "UglyToad.PdfPig.Fonts", "..\src\UglyToad.PdfPig.Fonts\UglyToad.PdfPig.Fonts.csproj", "{371FB56D-E9BE-40A2-8419-5F5F6F8FE0C0}"
EndProject
Project("{9A19103F-16F7-4668-BE54-9A1E7A4F7556}") = "UglyToad.PdfPig.Tokenization", "..\src\UglyToad.PdfPig.Tokenization\UglyToad.PdfPig.Tokenization.csproj", "{E5BD532A-B3D0-4975-80CD-8B0B6D70FD17}"
EndProject
Project("{9A19103F-16F7-4668-BE54-9A1E7A4F7556}") = "UglyToad.PdfPig.Tokens", "..\src\UglyToad.PdfPig.Tokens\UglyToad.PdfPig.Tokens.csproj", "{50308C34-4074-4D36-AA93-57CFC812D831}"
EndProject
Project("{9A19103F-16F7-4668-BE54-9A1E7A4F7556}") = "UglyToad.PdfPig", "..\src\UglyToad.PdfPig\UglyToad.PdfPig.csproj", "{75ED54D6-308F-44AD-B85E-C027F3AA80AE}"
EndProject
Project("{9A19103F-16F7-4668-BE54-9A1E7A4F7556}") = "UglyToad.PdfPig.DocumentLayoutAnalysis", "..\src\UglyToad.PdfPig.DocumentLayoutAnalysis\UglyToad.PdfPig.DocumentLayoutAnalysis.csproj", "{70FEC330-CF3F-4815-9BA6-E622907086C9}"
EndProject
Project("{FAE04EC0-301F-11D3-BF4B-00C04F79EFBC}") = "OnnxLayoutDetection", "OnnxLayoutDetection\OnnxLayoutDetection.csproj", "{63652DB6-FA47-4985-BDAF-3C2AFA43DE2F}"
EndProject
Project("{FAE04EC0-301F-11D3-BF4B-00C04F79EFBC}") = "UglyToad.PdfPig.DocumentLayoutAnalysis.Onnx", "..\src\UglyToad.PdfPig.DocumentLayoutAnalysis.Onnx\UglyToad.PdfPig.DocumentLayoutAnalysis.Onnx.csproj", "{EFFB1066-F1CC-4754-BAB9-17D30B30305B}"
EndProject
Project("{FAE04EC0-301F-11D3-BF4B-00C04F79EFBC}") = "DataIngestionBasic", "DataIngestionBasic\DataIngestionBasic.csproj", "{BC4A2C66-3C33-4698-B596-A4BF251D66DB}"
EndProject
Project("{FAE04EC0-301F-11D3-BF4B-00C04F79EFBC}") = "UglyToad.PdfPig.DataIngestion", "..\src\UglyToad.PdfPig.DataIngestion\UglyToad.PdfPig.DataIngestion.csproj", "{2F5D559F-8EC9-41E4-B863-8E6CFA5CB51D}"
EndProject
Project("{FAE04EC0-301F-11D3-BF4B-00C04F79EFBC}") = "FullRagPipeline", "FullRagPipeline\FullRagPipeline.csproj", "{240081CE-6283-4083-9FCD-B2C03A2E81FF}"
EndProject
Project("{FAE04EC0-301F-11D3-BF4B-00C04F79EFBC}") = "EnricherComposition", "EnricherComposition\EnricherComposition.csproj", "{D7E71437-66BC-4CEA-A424-DC924D16D6DB}"
EndProject
Global
	GlobalSection(SolutionConfigurationPlatforms) = preSolution
		Debug|Any CPU = Debug|Any CPU
		Debug|x64 = Debug|x64
		Debug|x86 = Debug|x86
		Release|Any CPU = Release|Any CPU
		Release|x64 = Release|x64
		Release|x86 = Release|x86
	EndGlobalSection
	GlobalSection(ProjectConfigurationPlatforms) = postSolution
		{F72DA3EE-FBED-4271-88CC-05D883FD4DAD}.Debug|Any CPU.ActiveCfg = Debug|Any CPU
		{F72DA3EE-FBED-4271-88CC-05D883FD4DAD}.Debug|Any CPU.Build.0 = Debug|Any CPU
		{F72DA3EE-FBED-4271-88CC-05D883FD4DAD}.Debug|x64.ActiveCfg = Debug|Any CPU
		{F72DA3EE-FBED-4271-88CC-05D883FD4DAD}.Debug|x64.Build.0 = Debug|Any CPU
		{F72DA3EE-FBED-4271-88CC-05D883FD4DAD}.Debug|x86.ActiveCfg = Debug|Any CPU
		{F72DA3EE-FBED-4271-88CC-05D883FD4DAD}.Debug|x86.Build.0 = Debug|Any CPU
		{F72DA3EE-FBED-4271-88CC-05D883FD4DAD}.Release|Any CPU.ActiveCfg = Release|Any CPU
		{F72DA3EE-FBED-4271-88CC-05D883FD4DAD}.Release|Any CPU.Build.0 = Release|Any CPU
		{F72DA3EE-FBED-4271-88CC-05D883FD4DAD}.Release|x64.ActiveCfg = Release|Any CPU
		{F72DA3EE-FBED-4271-88CC-05D883FD4DAD}.Release|x64.Build.0 = Release|Any CPU
		{F72DA3EE-FBED-4271-88CC-05D883FD4DAD}.Release|x86.ActiveCfg = Release|Any CPU
		{F72DA3EE-FBED-4271-88CC-05D883FD4DAD}.Release|x86.Build.0 = Release|Any CPU
		{B12C9CFF-879B-4C70-8C7B-7DBF953608C5}.Debug|Any CPU.ActiveCfg = Debug|Any CPU
		{B12C9CFF-879B-4C70-8C7B-7DBF953608C5}.Debug|Any CPU.Build.0 = Debug|Any CPU
		{B12C9CFF-879B-4C70-8C7B-7DBF953608C5}.Debug|x64.ActiveCfg = Debug|Any CPU
		{B12C9CFF-879B-4C70-8C7B-7DBF953608C5}.Debug|x64.Build.0 = Debug|Any CPU
		{B12C9CFF-879B-4C70-8C7B-7DBF953608C5}.Debug|x86.ActiveCfg = Debug|Any CPU
		{B12C9CFF-879B-4C70-8C7B-7DBF953608C5}.Debug|x86.Build.0 = Debug|Any CPU
		{B12C9CFF-879B-4C70-8C7B-7DBF953608C5}.Release|Any CPU.ActiveCfg = Release|Any CPU
		{B12C9CFF-879B-4C70-8C7B-7DBF953608C5}.Release|Any CPU.Build.0 = Release|Any CPU
		{B12C9CFF-879B-4C70-8C7B-7DBF953608C5}.Release|x64.ActiveCfg = Release|Any CPU
		{B12C9CFF-879B-4C70-8C7B-7DBF953608C5}.Release|x64.Build.0 = Release|Any CPU
		{B12C9CFF-879B-4C70-8C7B-7DBF953608C5}.Release|x86.ActiveCfg = Release|Any CPU
		{B12C9CFF-879B-4C70-8C7B-7DBF953608C5}.Release|x86.Build.0 = Release|Any CPU
		{371FB56D-E9BE-40A2-8419-5F5F6F8FE0C0}.Debug|Any CPU.ActiveCfg = Debug|Any CPU
		{371FB56D-E9BE-40A2-8419-5F5F6F8FE0C0}.Debug|Any CPU.Build.0 = Debug|Any CPU
		{371FB56D-E9BE-40A2-8419-5F5F6F8FE0C0}.Debug|x64.ActiveCfg = Debug|Any CPU
		{371FB56D-E9BE-40A2-8419-5F5F6F8FE0C0}.Debug|x64.Build.0 = Debug|Any CPU
		{371FB56D-E9BE-40A2-8419-5F5F6F8FE0C0}.Debug|x86.ActiveCfg = Debug|Any CPU
		{371FB56D-E9BE-40A2-8419-5F5F6F8FE0C0}.Debug|x86.Build.0 = Debug|Any CPU
		{371FB56D-E9BE-40A2-8419-5F5F6F8FE0C0}.Release|Any CPU.ActiveCfg = Release|Any CPU
		{371FB56D-E9BE-40A2-8419-5F5F6F8FE0C0}.Release|Any CPU.Build.0 = Release|Any CPU
		{371FB56D-E9BE-40A2-8419-5F5F6F8FE0C0}.Release|x64.ActiveCfg = Release|Any CPU
		{371FB56D-E9BE-40A2-8419-5F5F6F8FE0C0}.Release|x64.Build.0 = Release|Any CPU
		{371FB56D-E9BE-40A2-8419-5F5F6F8FE0C0}.Release|x86.ActiveCfg = Release|Any CPU
		{371FB56D-E9BE-40A2-8419-5F5F6F8FE0C0}.Release|x86.Build.0 = Release|Any CPU
		{E5BD532A-B3D0-4975-80CD-8B0B6D70FD17}.Debug|Any CPU.ActiveCfg = Debug|Any CPU
		{E5BD532A-B3D0-4975-80CD-8B0B6D70FD17}.Debug|Any CPU.Build.0 = Debug|Any CPU
		{E5BD532A-B3D0-4975-80CD-8B0B6D70FD17}.Debug|x64.ActiveCfg = Debug|Any CPU
		{E5BD532A-B3D0-4975-80CD-8B0B6D70FD17}.Debug|x64.Build.0 = Debug|Any CPU
		{E5BD532A-B3D0-4975-80CD-8B0B6D70FD17}.Debug|x86.ActiveCfg = Debug|Any CPU
		{E5BD532A-B3D0-4975-80CD-8B0B6D70FD17}.Debug|x86.Build.0 = Debug|Any CPU
		{E5BD532A-B3D0-4975-80CD-8B0B6D70FD17}.Release|Any CPU.ActiveCfg = Release|Any CPU
		{E5BD532A-B3D0-4975-80CD-8B0B6D70FD17}.Release|Any CPU.Build.0 = Release|Any CPU
		{E5BD532A-B3D0-4975-80CD-8B0B6D70FD17}.Release|x64.ActiveCfg = Release|Any CPU
		{E5BD532A-B3D0-4975-80CD-8B0B6D70FD17}.Release|x64.Build.0 = Release|Any CPU
		{E5BD532A-B3D0-4975-80CD-8B0B6D70FD17}.Release|x86.ActiveCfg = Release|Any CPU
		{E5BD532A-B3D0-4975-80CD-8B0B6D70FD17}.Release|x86.Build.0 = Release|Any CPU
		{50308C34-4074-4D36-AA93-57CFC812D831}.Debug|Any CPU.ActiveCfg = Debug|Any CPU
		{50308C34-4074-4D36-AA93-57CFC812D831}.Debug|Any CPU.Build.0 = Debug|Any CPU
		{50308C34-4074-4D36-AA93-57CFC812D831}.Debug|x64.ActiveCfg = Debug|Any CPU
		{50308C34-4074-4D36-AA93-57CFC812D831}.Debug|x64.Build.0 = Debug|Any CPU
		{50308C34-4074-4D36-AA93-57CFC812D831}.Debug|x86.ActiveCfg = Debug|Any CPU
		{50308C34-4074-4D36-AA93-57CFC812D831}.Debug|x86.Build.0 = Debug|Any CPU
		{50308C34-4074-4D36-AA93-57CFC812D831}.Release|Any CPU.ActiveCfg = Release|Any CPU
		{50308C34-4074-4D36-AA93-57CFC812D831}.Release|Any CPU.Build.0 = Release|Any CPU
		{50308C34-4074-4D36-AA93-57CFC812D831}.Release|x64.ActiveCfg = Release|Any CPU
		{50308C34-4074-4D36-AA93-57CFC812D831}.Release|x64.Build.0 = Release|Any CPU
		{50308C34-4074-4D36-AA93-57CFC812D831}.Release|x86.ActiveCfg = Release|Any CPU
		{50308C34-4074-4D36-AA93-57CFC812D831}.Release|x86.Build.0 = Release|Any CPU
		{75ED54D6-308F-44AD-B85E-C027F3AA80AE}.Debug|Any CPU.ActiveCfg = Debug|Any CPU
		{75ED54D6-308F-44AD-B85E-C027F3AA80AE}.Debug|Any CPU.Build.0 = Debug|Any CPU
		{75ED54D6-308F-44AD-B85E-C027F3AA80AE}.Debug|x64.ActiveCfg = Debug|Any CPU
		{75ED54D6-308F-44AD-B85E-C027F3AA80AE}.Debug|x64.Build.0 = Debug|Any CPU
		{75ED54D6-308F-44AD-B85E-C027F3AA80AE}.Debug|x86.ActiveCfg = Debug|Any CPU
		{75ED54D6-308F-44AD-B85E-C027F3AA80AE}.Debug|x86.Build.0 = Debug|Any CPU
		{75ED54D6-308F-44AD-B85E-C027F3AA80AE}.Release|Any CPU.ActiveCfg = Release|Any CPU
		{75ED54D6-308F-44AD-B85E-C027F3AA80AE}.Release|Any CPU.Build.0 = Release|Any CPU
		{75ED54D6-308F-44AD-B85E-C027F3AA80AE}.Release|x64.ActiveCfg = Release|Any CPU
		{75ED54D6-308F-44AD-B85E-C027F3AA80AE}.Release|x64.Build.0 = Release|Any CPU
		{75ED54D6-308F-44AD-B85E-C027F3AA80AE}.Release|x86.ActiveCfg = Release|Any CPU
		{75ED54D6-308F-44AD-B85E-C027F3AA80AE}.Release|x86.Build.0 = Release|Any CPU
		{70FEC330-CF3F-4815-9BA6-E622907086C9}.Debug|Any CPU.ActiveCfg = Debug|Any CPU
		{70FEC330-CF3F-4815-9BA6-E622907086C9}.Debug|Any CPU.Build.0 = Debug|Any CPU
		{70FEC330-CF3F-4815-9BA6-E622907086C9}.Debug|x64.ActiveCfg = Debug|Any CPU
		{70FEC330-CF3F-4815-9BA6-E622907086C9}.Debug|x64.Build.0 = Debug|Any CPU
		{70FEC330-CF3F-4815-9BA6-E622907086C9}.Debug|x86.ActiveCfg = Debug|Any CPU
		{70FEC330-CF3F-4815-9BA6-E622907086C9}.Debug|x86.Build.0 = Debug|Any CPU
		{70FEC330-CF3F-4815-9BA6-E622907086C9}.Release|Any CPU.ActiveCfg = Release|Any CPU
		{70FEC330-CF3F-4815-9BA6-E622907086C9}.Release|Any CPU.Build.0 = Release|Any CPU
		{70FEC330-CF3F-4815-9BA6-E622907086C9}.Release|x64.ActiveCfg = Release|Any CPU
		{70FEC330-CF3F-4815-9BA6-E622907086C9}.Release|x64.Build.0 = Release|Any CPU
		{70FEC330-CF3F-4815-9BA6-E622907086C9}.Release|x86.ActiveCfg = Release|Any CPU
		{70FEC330-CF3F-4815-9BA6-E622907086C9}.Release|x86.Build.0 = Release|Any CPU
		{63652DB6-FA47-4985-BDAF-3C2AFA43DE2F}.Debug|Any CPU.ActiveCfg = Debug|Any CPU
		{63652DB6-FA47-4985-BDAF-3C2AFA43DE2F}.Debug|Any CPU.Build.0 = Debug|Any CPU
		{63652DB6-FA47-4985-BDAF-3C2AFA43DE2F}.Debug|x64.ActiveCfg = Debug|Any CPU
		{63652DB6-FA47-4985-BDAF-3C2AFA43DE2F}.Debug|x64.Build.0 = Debug|Any CPU
		{63652DB6-FA47-4985-BDAF-3C2AFA43DE2F}.Debug|x86.ActiveCfg = Debug|Any CPU
		{63652DB6-FA47-4985-BDAF-3C2AFA43DE2F}.Debug|x86.Build.0 = Debug|Any CPU
		{63652DB6-FA47-4985-BDAF-3C2AFA43DE2F}.Release|Any CPU.ActiveCfg = Release|Any CPU
		{63652DB6-FA47-4985-BDAF-3C2AFA43DE2F}.Release|Any CPU.Build.0 = Release|Any CPU
		{63652DB6-FA47-4985-BDAF-3C2AFA43DE2F}.Release|x64.ActiveCfg = Release|Any CPU
		{63652DB6-FA47-4985-BDAF-3C2AFA43DE2F}.Release|x64.Build.0 = Release|Any CPU
		{63652DB6-FA47-4985-BDAF-3C2AFA43DE2F}.Release|x86.ActiveCfg = Release|Any CPU
		{63652DB6-FA47-4985-BDAF-3C2AFA43DE2F}.Release|x86.Build.0 = Release|Any CPU
		{EFFB1066-F1CC-4754-BAB9-17D30B30305B}.Debug|Any CPU.ActiveCfg = Debug|Any CPU
		{EFFB1066-F1CC-4754-BAB9-17D30B30305B}.Debug|Any CPU.Build.0 = Debug|Any CPU
		{EFFB1066-F1CC-4754-BAB9-17D30B30305B}.Debug|x64.ActiveCfg = Debug|Any CPU
		{EFFB1066-F1CC-4754-BAB9-17D30B30305B}.Debug|x64.Build.0 = Debug|Any CPU
		{EFFB1066-F1CC-4754-BAB9-17D30B30305B}.Debug|x86.ActiveCfg = Debug|Any CPU
		{EFFB1066-F1CC-4754-BAB9-17D30B30305B}.Debug|x86.Build.0 = Debug|Any CPU
		{EFFB1066-F1CC-4754-BAB9-17D30B30305B}.Release|Any CPU.ActiveCfg = Release|Any CPU
		{EFFB1066-F1CC-4754-BAB9-17D30B30305B}.Release|Any CPU.Build.0 = Release|Any CPU
		{EFFB1066-F1CC-4754-BAB9-17D30B30305B}.Release|x64.ActiveCfg = Release|Any CPU
		{EFFB1066-F1CC-4754-BAB9-17D30B30305B}.Release|x64.Build.0 = Release|Any CPU
		{EFFB1066-F1CC-4754-BAB9-17D30B30305B}.Release|x86.ActiveCfg = Release|Any CPU
		{EFFB1066-F1CC-4754-BAB9-17D30B30305B}.Release|x86.Build.0 = Release|Any CPU
		{BC4A2C66-3C33-4698-B596-A4BF251D66DB}.Debug|Any CPU.ActiveCfg = Debug|Any CPU
		{BC4A2C66-3C33-4698-B596-A4BF251D66DB}.Debug|Any CPU.Build.0 = Debug|Any CPU
		{BC4A2C66-3C33-4698-B596-A4BF251D66DB}.Debug|x64.ActiveCfg = Debug|Any CPU
		{BC4A2C66-3C33-4698-B596-A4BF251D66DB}.Debug|x64.Build.0 = Debug|Any CPU
		{BC4A2C66-3C33-4698-B596-A4BF251D66DB}.Debug|x86.ActiveCfg = Debug|Any CPU
		{BC4A2C66-3C33-4698-B596-A4BF251D66DB}.Debug|x86.Build.0 = Debug|Any CPU
		{BC4A2C66-3C33-4698-B596-A4BF251D66DB}.Release|Any CPU.ActiveCfg = Release|Any CPU
		{BC4A2C66-3C33-4698-B596-A4BF251D66DB}.Release|Any CPU.Build.0 = Release|Any CPU
		{BC4A2C66-3C33-4698-B596-A4BF251D66DB}.Release|x64.ActiveCfg = Release|Any CPU
		{BC4A2C66-3C33-4698-B596-A4BF251D66DB}.Release|x64.Build.0 = Release|Any CPU
		{BC4A2C66-3C33-4698-B596-A4BF251D66DB}.Release|x86.ActiveCfg = Release|Any CPU
		{BC4A2C66-3C33-4698-B596-A4BF251D66DB}.Release|x86.Build.0 = Release|Any CPU
		{2F5D559F-8EC9-41E4-B863-8E6CFA5CB51D}.Debug|Any CPU.ActiveCfg = Debug|Any CPU
		{2F5D559F-8EC9-41E4-B863-8E6CFA5CB51D}.Debug|Any CPU.Build.0 = Debug|Any CPU
		{2F5D559F-8EC9-41E4-B863-8E6CFA5CB51D}.Debug|x64.ActiveCfg = Debug|Any CPU
		{2F5D559F-8EC9-41E4-B863-8E6CFA5CB51D}.Debug|x64.Build.0 = Debug|Any CPU
		{2F5D559F-8EC9-41E4-B863-8E6CFA5CB51D}.Debug|x86.ActiveCfg = Debug|Any CPU
		{2F5D559F-8EC9-41E4-B863-8E6CFA5CB51D}.Debug|x86.Build.0 = Debug|Any CPU
		{2F5D559F-8EC9-41E4-B863-8E6CFA5CB51D}.Release|Any CPU.ActiveCfg = Release|Any CPU
		{2F5D559F-8EC9-41E4-B863-8E6CFA5CB51D}.Release|Any CPU.Build.0 = Release|Any CPU
		{2F5D559F-8EC9-41E4-B863-8E6CFA5CB51D}.Release|x64.ActiveCfg = Release|Any CPU
		{2F5D559F-8EC9-41E4-B863-8E6CFA5CB51D}.Release|x64.Build.0 = Release|Any CPU
		{2F5D559F-8EC9-41E4-B863-8E6CFA5CB51D}.Release|x86.ActiveCfg = Release|Any CPU
		{2F5D559F-8EC9-41E4-B863-8E6CFA5CB51D}.Release|x86.Build.0 = Release|Any CPU
		{240081CE-6283-4083-9FCD-B2C03A2E81FF}.Debug|Any CPU.ActiveCfg = Debug|Any CPU
		{240081CE-6283-4083-9FCD-B2C03A2E81FF}.Debug|Any CPU.Build.0 = Debug|Any CPU
		{240081CE-6283-4083-9FCD-B2C03A2E81FF}.Debug|x64.ActiveCfg = Debug|Any CPU
		{240081CE-6283-4083-9FCD-B2C03A2E81FF}.Debug|x64.Build.0 = Debug|Any CPU
		{240081CE-6283-4083-9FCD-B2C03A2E81FF}.Debug|x86.ActiveCfg = Debug|Any CPU
		{240081CE-6283-4083-9FCD-B2C03A2E81FF}.Debug|x86.Build.0 = Debug|Any CPU
		{240081CE-6283-4083-9FCD-B2C03A2E81FF}.Release|Any CPU.ActiveCfg = Release|Any CPU
		{240081CE-6283-4083-9FCD-B2C03A2E81FF}.Release|Any CPU.Build.0 = Release|Any CPU
		{240081CE-6283-4083-9FCD-B2C03A2E81FF}.Release|x64.ActiveCfg = Release|Any CPU
		{240081CE-6283-4083-9FCD-B2C03A2E81FF}.Release|x64.Build.0 = Release|Any CPU
		{240081CE-6283-4083-9FCD-B2C03A2E81FF}.Release|x86.ActiveCfg = Release|Any CPU
		{240081CE-6283-4083-9FCD-B2C03A2E81FF}.Release|x86.Build.0 = Release|Any CPU
		{D7E71437-66BC-4CEA-A424-DC924D16D6DB}.Debug|Any CPU.ActiveCfg = Debug|Any CPU
		{D7E71437-66BC-4CEA-A424-DC924D16D6DB}.Debug|Any CPU.Build.0 = Debug|Any CPU
		{D7E71437-66BC-4CEA-A424-DC924D16D6DB}.Debug|x64.ActiveCfg = Debug|Any CPU
		{D7E71437-66BC-4CEA-A424-DC924D16D6DB}.Debug|x64.Build.0 = Debug|Any CPU
		{D7E71437-66BC-4CEA-A424-DC924D16D6DB}.Debug|x86.ActiveCfg = Debug|Any CPU
		{D7E71437-66BC-4CEA-A424-DC924D16D6DB}.Debug|x86.Build.0 = Debug|Any CPU
		{D7E71437-66BC-4CEA-A424-DC924D16D6DB}.Release|Any CPU.ActiveCfg = Release|Any CPU
		{D7E71437-66BC-4CEA-A424-DC924D16D6DB}.Release|Any CPU.Build.0 = Release|Any CPU
		{D7E71437-66BC-4CEA-A424-DC924D16D6DB}.Release|x64.ActiveCfg = Release|Any CPU
		{D7E71437-66BC-4CEA-A424-DC924D16D6DB}.Release|x64.Build.0 = Release|Any CPU
		{D7E71437-66BC-4CEA-A424-DC924D16D6DB}.Release|x86.ActiveCfg = Release|Any CPU
		{D7E71437-66BC-4CEA-A424-DC924D16D6DB}.Release|x86.Build.0 = Release|Any CPU
	EndGlobalSection
	GlobalSection(SolutionProperties) = preSolution
		HideSolutionNode = FALSE
	EndGlobalSection
	GlobalSection(ExtensibilityGlobals) = postSolution
		SolutionGuid = {03F738BD-74E0-4DE7-8063-0ACE16E931F1}
	EndGlobalSection
EndGlobal
